
Microsoft Visual Studio Solution File, Format Version 12.00
# Visual Studio 14
VisualStudioVersion = 14.0.25420.1
MinimumVisualStudioVersion = 10.0.40219.1
Project("{FAE04EC0-301F-11D3-BF4B-00C04F79EFBC}") = "Slimiter.Core", "Slimiter.Core\Slimiter.Core.csproj", "{4D450F2C-48D7-4BD7-AF8E-D5735C750757}"
EndProject
Project("{FAE04EC0-301F-11D3-BF4B-00C04F79EFBC}") = "Slimiter.Core.Testing", "Slimiter.Core.Test\Slimiter.Core.Testing.csproj", "{B43B2FF0-2222-45CB-B17C-FB70508792B3}"
EndProject
Global
	GlobalSection(SolutionConfigurationPlatforms) = preSolution
		Debug|Any CPU = Debug|Any CPU
		Release|Any CPU = Release|Any CPU
	EndGlobalSection
	GlobalSection(ProjectConfigurationPlatforms) = postSolution
		{4D450F2C-48D7-4BD7-AF8E-D5735C750757}.Debug|Any CPU.ActiveCfg = Debug|Any CPU
		{4D450F2C-48D7-4BD7-AF8E-D5735C750757}.Debug|Any CPU.Build.0 = Debug|Any CPU
		{4D450F2C-48D7-4BD7-AF8E-D5735C750757}.Release|Any CPU.ActiveCfg = Release|Any CPU
		{4D450F2C-48D7-4BD7-AF8E-D5735C750757}.Release|Any CPU.Build.0 = Release|Any CPU
		{B43B2FF0-2222-45CB-B17C-FB70508792B3}.Debug|Any CPU.ActiveCfg = Debug|Any CPU
		{B43B2FF0-2222-45CB-B17C-FB70508792B3}.Debug|Any CPU.Build.0 = Debug|Any CPU
		{B43B2FF0-2222-45CB-B17C-FB70508792B3}.Release|Any CPU.ActiveCfg = Release|Any CPU
		{B43B2FF0-2222-45CB-B17C-FB70508792B3}.Release|Any CPU.Build.0 = Release|Any CPU
	EndGlobalSection
	GlobalSection(SolutionProperties) = preSolution
		HideSolutionNode = FALSE
	EndGlobalSection
EndGlobal
